// !$*UTF8*$!
{
	archiveVersion = 1;
	classes = {
	};
	objectVersion = 46;
	objects = {

/* Begin PBXBuildFile section */
		FA168253151A545900A22FC4 /* SQLQueryTests.m in Sources */ = {isa = PBXBuildFile; fileRef = FA179B1514D1F60C002FB17F /* SQLQueryTests.m */; };
		FA168254151A545D00A22FC4 /* SQLRowTests.m in Sources */ = {isa = PBXBuildFile; fileRef = FA93395514D705AA00151B4B /* SQLRowTests.m */; };
		FA168260151A6E8600A22FC4 /* dump_short.sql in Resources */ = {isa = PBXBuildFile; fileRef = FA16825F151A6E8600A22FC4 /* dump_short.sql */; };
		FA168263151A80CF00A22FC4 /* dump_empty.sql in Resources */ = {isa = PBXBuildFile; fileRef = FA168262151A80CF00A22FC4 /* dump_empty.sql */; };
		FA168265151A810A00A22FC4 /* dump_short_bad_format.sql in Resources */ = {isa = PBXBuildFile; fileRef = FA168264151A810A00A22FC4 /* dump_short_bad_format.sql */; };
		FA168267151A830300A22FC4 /* dump_short_comment.sql in Resources */ = {isa = PBXBuildFile; fileRef = FA168266151A830300A22FC4 /* dump_short_comment.sql */; };
		FA168269151A876400A22FC4 /* dump_travel.sql in Resources */ = {isa = PBXBuildFile; fileRef = FA168268151A876400A22FC4 /* dump_travel.sql */; };
		FA179AD914CF4199002FB17F /* SQLGlobal.h in Headers */ = {isa = PBXBuildFile; fileRef = FA179AD714CF4199002FB17F /* SQLGlobal.h */; };
		FA179ADA14CF4199002FB17F /* SQLGlobal.m in Sources */ = {isa = PBXBuildFile; fileRef = FA179AD814CF4199002FB17F /* SQLGlobal.m */; };
		FA179AE514CF5FAF002FB17F /* SenTestingKit.framework in Frameworks */ = {isa = PBXBuildFile; fileRef = FA179AE414CF5FAF002FB17F /* SenTestingKit.framework */; };
		FA179AE814CF5FAF002FB17F /* Foundation.framework in Frameworks */ = {isa = PBXBuildFile; fileRef = FA30A947148AD33900A269C8 /* Foundation.framework */; };
		FA179B0314CF69B9002FB17F /* libSQLiteKit.a in Frameworks */ = {isa = PBXBuildFile; fileRef = FA30A944148AD33900A269C8 /* libSQLiteKit.a */; };
		FA179B0A14D07629002FB17F /* SQLPreparedStatement.h in Headers */ = {isa = PBXBuildFile; fileRef = FA179B0814D07629002FB17F /* SQLPreparedStatement.h */; };
		FA179B0B14D07629002FB17F /* SQLPreparedStatement.m in Sources */ = {isa = PBXBuildFile; fileRef = FA179B0914D07629002FB17F /* SQLPreparedStatement.m */; };
		FA179B0E14D09AAD002FB17F /* SQLQuery.h in Headers */ = {isa = PBXBuildFile; fileRef = FA179B0C14D09AAD002FB17F /* SQLQuery.h */; settings = {ATTRIBUTES = (); }; };
		FA179B0F14D09AAD002FB17F /* SQLQuery.m in Sources */ = {isa = PBXBuildFile; fileRef = FA179B0D14D09AAD002FB17F /* SQLQuery.m */; };
		FA179B1214D0C156002FB17F /* SQLRow.h in Headers */ = {isa = PBXBuildFile; fileRef = FA179B1014D0C156002FB17F /* SQLRow.h */; settings = {ATTRIBUTES = (); }; };
		FA179B1314D0C156002FB17F /* SQLRow.m in Sources */ = {isa = PBXBuildFile; fileRef = FA179B1114D0C156002FB17F /* SQLRow.m */; };
		FA256ADE15191732005B3176 /* SQLFile.h in Headers */ = {isa = PBXBuildFile; fileRef = FA256ADC15191732005B3176 /* SQLFile.h */; };
		FA256ADF15191732005B3176 /* SQLFile.m in Sources */ = {isa = PBXBuildFile; fileRef = FA256ADD15191732005B3176 /* SQLFile.m */; };
		FA256AE315192D91005B3176 /* SQLFileTests.m in Sources */ = {isa = PBXBuildFile; fileRef = FA256AE215192D91005B3176 /* SQLFileTests.m */; };
		FA30A948148AD33900A269C8 /* Foundation.framework in Frameworks */ = {isa = PBXBuildFile; fileRef = FA30A947148AD33900A269C8 /* Foundation.framework */; };
		FA3B3BA115378C6D00A6E744 /* SQLFunction.h in Headers */ = {isa = PBXBuildFile; fileRef = FA3B3B9F15378C6D00A6E744 /* SQLFunction.h */; };
		FA3B3BA215378C6D00A6E744 /* SQLFunction.m in Sources */ = {isa = PBXBuildFile; fileRef = FA3B3BA015378C6D00A6E744 /* SQLFunction.m */; };
		FA3B3BA61537953B00A6E744 /* SQLFunctionTests.m in Sources */ = {isa = PBXBuildFile; fileRef = FA3B3BA51537953B00A6E744 /* SQLFunctionTests.m */; };
		FA8A6B05151A94A4008AC3B9 /* dump_short_no_separator.sql in Resources */ = {isa = PBXBuildFile; fileRef = FA8A6B04151A94A4008AC3B9 /* dump_short_no_separator.sql */; };
		FA8A6B08151A98B2008AC3B9 /* dump_movie.sql in Resources */ = {isa = PBXBuildFile; fileRef = FA8A6B07151A98B2008AC3B9 /* dump_movie.sql */; };
		FA8A6B0B151A98FF008AC3B9 /* SenTestCase+SQLiteKitAdditions.m in Sources */ = {isa = PBXBuildFile; fileRef = FA8A6B0A151A98FF008AC3B9 /* SenTestCase+SQLiteKitAdditions.m */; };
		FA96D962153CA9B800C6706A /* SQLDatabaseTests.m in Sources */ = {isa = PBXBuildFile; fileRef = FA179AFE14CF60C9002FB17F /* SQLDatabaseTests.m */; };
		FAA1F9AF148AD5330013D31B /* SQLDatabase.h in Headers */ = {isa = PBXBuildFile; fileRef = FAA1F9AD148AD5330013D31B /* SQLDatabase.h */; settings = {ATTRIBUTES = (); }; };
		FAA1F9B0148AD5330013D31B /* SQLDatabase.m in Sources */ = {isa = PBXBuildFile; fileRef = FAA1F9AE148AD5330013D31B /* SQLDatabase.m */; };
		FAC1C036153E25C5007E374B /* libsqlite3.dylib in Frameworks */ = {isa = PBXBuildFile; fileRef = FA179ADC14CF4F56002FB17F /* libsqlite3.dylib */; };
		FACBCB2714D8A27B00004567 /* SQLiteKit.h in Headers */ = {isa = PBXBuildFile; fileRef = FACBCB2614D8A27B00004567 /* SQLiteKit.h */; settings = {ATTRIBUTES = (); }; };
		FADDB3D7151BC03B00848B6B /* dump_travel_alter.sql in Resources */ = {isa = PBXBuildFile; fileRef = FADDB3D6151BC03B00848B6B /* dump_travel_alter.sql */; };
		FAF99BC7153CA17D007C85F2 /* dump_movie_trigger.sql in Resources */ = {isa = PBXBuildFile; fileRef = FAF99BC6153CA17D007C85F2 /* dump_movie_trigger.sql */; };
/* End PBXBuildFile section */

/* Begin PBXContainerItemProxy section */
		FA179B0014CF6130002FB17F /* PBXContainerItemProxy */ = {
			isa = PBXContainerItemProxy;
			containerPortal = FA30A93B148AD33900A269C8 /* Project object */;
			proxyType = 1;
			remoteGlobalIDString = FA30A943148AD33900A269C8;
			remoteInfo = SQLiteKit;
		};
/* End PBXContainerItemProxy section */

/* Begin PBXFileReference section */
		FA16825F151A6E8600A22FC4 /* dump_short.sql */ = {isa = PBXFileReference; fileEncoding = 4; lastKnownFileType = text; path = dump_short.sql; sourceTree = "<group>"; };
		FA168262151A80CF00A22FC4 /* dump_empty.sql */ = {isa = PBXFileReference; fileEncoding = 4; lastKnownFileType = text; path = dump_empty.sql; sourceTree = "<group>"; };
		FA168264151A810A00A22FC4 /* dump_short_bad_format.sql */ = {isa = PBXFileReference; fileEncoding = 4; lastKnownFileType = text; path = dump_short_bad_format.sql; sourceTree = "<group>"; };
		FA168266151A830300A22FC4 /* dump_short_comment.sql */ = {isa = PBXFileReference; fileEncoding = 4; lastKnownFileType = text; path = dump_short_comment.sql; sourceTree = "<group>"; };
		FA168268151A876400A22FC4 /* dump_travel.sql */ = {isa = PBXFileReference; fileEncoding = 4; lastKnownFileType = text; path = dump_travel.sql; sourceTree = "<group>"; };
		FA179AD714CF4199002FB17F /* SQLGlobal.h */ = {isa = PBXFileReference; fileEncoding = 4; lastKnownFileType = sourcecode.c.h; path = SQLGlobal.h; sourceTree = "<group>"; };
		FA179AD814CF4199002FB17F /* SQLGlobal.m */ = {isa = PBXFileReference; fileEncoding = 4; lastKnownFileType = sourcecode.c.objc; path = SQLGlobal.m; sourceTree = "<group>"; };
		FA179ADC14CF4F56002FB17F /* libsqlite3.dylib */ = {isa = PBXFileReference; lastKnownFileType = "compiled.mach-o.dylib"; name = libsqlite3.dylib; path = /Applications/Xcode.app/Contents/Developer/Platforms/iPhoneOS.platform/Developer/SDKs/iPhoneOS5.1.sdk/usr/lib/libsqlite3.dylib; sourceTree = "<absolute>"; };
		FA179AE314CF5FAF002FB17F /* SQKLiteTests.octest */ = {isa = PBXFileReference; explicitFileType = wrapper.cfbundle; includeInIndex = 0; path = SQKLiteTests.octest; sourceTree = BUILT_PRODUCTS_DIR; };
		FA179AE414CF5FAF002FB17F /* SenTestingKit.framework */ = {isa = PBXFileReference; lastKnownFileType = wrapper.framework; name = SenTestingKit.framework; path = Library/Frameworks/SenTestingKit.framework; sourceTree = DEVELOPER_DIR; };
		FA179AF614CF6052002FB17F /* SQKLiteTests.pch */ = {isa = PBXFileReference; fileEncoding = 4; lastKnownFileType = sourcecode.c.h; path = SQKLiteTests.pch; sourceTree = "<group>"; };
		FA179AF714CF6052002FB17F /* SQKLiteTests.plist */ = {isa = PBXFileReference; fileEncoding = 4; lastKnownFileType = text.plist.xml; path = SQKLiteTests.plist; sourceTree = "<group>"; };
		FA179AFD14CF60C9002FB17F /* SQLDatabaseTests.h */ = {isa = PBXFileReference; fileEncoding = 4; lastKnownFileType = sourcecode.c.h; path = SQLDatabaseTests.h; sourceTree = "<group>"; };
		FA179AFE14CF60C9002FB17F /* SQLDatabaseTests.m */ = {isa = PBXFileReference; fileEncoding = 4; lastKnownFileType = sourcecode.c.objc; path = SQLDatabaseTests.m; sourceTree = "<group>"; };
		FA179B0814D07629002FB17F /* SQLPreparedStatement.h */ = {isa = PBXFileReference; fileEncoding = 4; lastKnownFileType = sourcecode.c.h; path = SQLPreparedStatement.h; sourceTree = "<group>"; };
		FA179B0914D07629002FB17F /* SQLPreparedStatement.m */ = {isa = PBXFileReference; fileEncoding = 4; lastKnownFileType = sourcecode.c.objc; path = SQLPreparedStatement.m; sourceTree = "<group>"; };
		FA179B0C14D09AAD002FB17F /* SQLQuery.h */ = {isa = PBXFileReference; fileEncoding = 4; lastKnownFileType = sourcecode.c.h; path = SQLQuery.h; sourceTree = "<group>"; };
		FA179B0D14D09AAD002FB17F /* SQLQuery.m */ = {isa = PBXFileReference; fileEncoding = 4; lastKnownFileType = sourcecode.c.objc; path = SQLQuery.m; sourceTree = "<group>"; };
		FA179B1014D0C156002FB17F /* SQLRow.h */ = {isa = PBXFileReference; fileEncoding = 4; lastKnownFileType = sourcecode.c.h; path = SQLRow.h; sourceTree = "<group>"; };
		FA179B1114D0C156002FB17F /* SQLRow.m */ = {isa = PBXFileReference; fileEncoding = 4; lastKnownFileType = sourcecode.c.objc; path = SQLRow.m; sourceTree = "<group>"; };
		FA179B1414D1F60C002FB17F /* SQLQueryTests.h */ = {isa = PBXFileReference; fileEncoding = 4; lastKnownFileType = sourcecode.c.h; path = SQLQueryTests.h; sourceTree = "<group>"; };
		FA179B1514D1F60C002FB17F /* SQLQueryTests.m */ = {isa = PBXFileReference; fileEncoding = 4; lastKnownFileType = sourcecode.c.objc; path = SQLQueryTests.m; sourceTree = "<group>"; };
		FA256ADC15191732005B3176 /* SQLFile.h */ = {isa = PBXFileReference; fileEncoding = 4; lastKnownFileType = sourcecode.c.h; path = SQLFile.h; sourceTree = "<group>"; };
		FA256ADD15191732005B3176 /* SQLFile.m */ = {isa = PBXFileReference; fileEncoding = 4; lastKnownFileType = sourcecode.c.objc; path = SQLFile.m; sourceTree = "<group>"; };
		FA256AE115192D91005B3176 /* SQLFileTests.h */ = {isa = PBXFileReference; fileEncoding = 4; lastKnownFileType = sourcecode.c.h; path = SQLFileTests.h; sourceTree = "<group>"; };
		FA256AE215192D91005B3176 /* SQLFileTests.m */ = {isa = PBXFileReference; fileEncoding = 4; lastKnownFileType = sourcecode.c.objc; path = SQLFileTests.m; sourceTree = "<group>"; };
		FA30A944148AD33900A269C8 /* libSQLiteKit.a */ = {isa = PBXFileReference; explicitFileType = archive.ar; includeInIndex = 0; path = libSQLiteKit.a; sourceTree = BUILT_PRODUCTS_DIR; };
		FA30A947148AD33900A269C8 /* Foundation.framework */ = {isa = PBXFileReference; lastKnownFileType = wrapper.framework; name = Foundation.framework; path = System/Library/Frameworks/Foundation.framework; sourceTree = SDKROOT; };
		FA3B3B9F15378C6D00A6E744 /* SQLFunction.h */ = {isa = PBXFileReference; fileEncoding = 4; lastKnownFileType = sourcecode.c.h; path = SQLFunction.h; sourceTree = "<group>"; };
		FA3B3BA015378C6D00A6E744 /* SQLFunction.m */ = {isa = PBXFileReference; fileEncoding = 4; lastKnownFileType = sourcecode.c.objc; path = SQLFunction.m; sourceTree = "<group>"; };
		FA3B3BA41537953B00A6E744 /* SQLFunctionTests.h */ = {isa = PBXFileReference; fileEncoding = 4; lastKnownFileType = sourcecode.c.h; path = SQLFunctionTests.h; sourceTree = "<group>"; };
		FA3B3BA51537953B00A6E744 /* SQLFunctionTests.m */ = {isa = PBXFileReference; fileEncoding = 4; lastKnownFileType = sourcecode.c.objc; path = SQLFunctionTests.m; sourceTree = "<group>"; };
		FA8A6B04151A94A4008AC3B9 /* dump_short_no_separator.sql */ = {isa = PBXFileReference; fileEncoding = 4; lastKnownFileType = text; path = dump_short_no_separator.sql; sourceTree = "<group>"; };
		FA8A6B07151A98B2008AC3B9 /* dump_movie.sql */ = {isa = PBXFileReference; fileEncoding = 4; lastKnownFileType = text; path = dump_movie.sql; sourceTree = "<group>"; };
		FA8A6B09151A98FF008AC3B9 /* SenTestCase+SQLiteKitAdditions.h */ = {isa = PBXFileReference; fileEncoding = 4; lastKnownFileType = sourcecode.c.h; path = "SenTestCase+SQLiteKitAdditions.h"; sourceTree = "<group>"; };
		FA8A6B0A151A98FF008AC3B9 /* SenTestCase+SQLiteKitAdditions.m */ = {isa = PBXFileReference; fileEncoding = 4; lastKnownFileType = sourcecode.c.objc; path = "SenTestCase+SQLiteKitAdditions.m"; sourceTree = "<group>"; };
		FA93395414D705AA00151B4B /* SQLRowTests.h */ = {isa = PBXFileReference; fileEncoding = 4; lastKnownFileType = sourcecode.c.h; path = SQLRowTests.h; sourceTree = "<group>"; };
		FA93395514D705AA00151B4B /* SQLRowTests.m */ = {isa = PBXFileReference; fileEncoding = 4; lastKnownFileType = sourcecode.c.objc; path = SQLRowTests.m; sourceTree = "<group>"; };
		FAA1F9AB148AD4F20013D31B /* SQLiteKit.pch */ = {isa = PBXFileReference; fileEncoding = 4; lastKnownFileType = sourcecode.c.h; path = SQLiteKit.pch; sourceTree = "<group>"; };
		FAA1F9AD148AD5330013D31B /* SQLDatabase.h */ = {isa = PBXFileReference; fileEncoding = 4; lastKnownFileType = sourcecode.c.h; path = SQLDatabase.h; sourceTree = "<group>"; };
		FAA1F9AE148AD5330013D31B /* SQLDatabase.m */ = {isa = PBXFileReference; fileEncoding = 4; lastKnownFileType = sourcecode.c.objc; path = SQLDatabase.m; sourceTree = "<group>"; };
		FAC634521538D18300103667 /* SQLFunction+Private.h */ = {isa = PBXFileReference; lastKnownFileType = sourcecode.c.h; path = "SQLFunction+Private.h"; sourceTree = "<group>"; };
		FACBCB2614D8A27B00004567 /* SQLiteKit.h */ = {isa = PBXFileReference; fileEncoding = 4; lastKnownFileType = sourcecode.c.h; path = SQLiteKit.h; sourceTree = "<group>"; };
		FADDB3D6151BC03B00848B6B /* dump_travel_alter.sql */ = {isa = PBXFileReference; fileEncoding = 4; lastKnownFileType = text; path = dump_travel_alter.sql; sourceTree = "<group>"; };
		FAF99BC6153CA17D007C85F2 /* dump_movie_trigger.sql */ = {isa = PBXFileReference; fileEncoding = 4; lastKnownFileType = text; path = dump_movie_trigger.sql; sourceTree = "<group>"; };
/* End PBXFileReference section */

/* Begin PBXFrameworksBuildPhase section */
		FA179ADF14CF5FAF002FB17F /* Frameworks */ = {
			isa = PBXFrameworksBuildPhase;
			buildActionMask = 2147483647;
			files = (
				FA179AE814CF5FAF002FB17F /* Foundation.framework in Frameworks */,
				FA179AE514CF5FAF002FB17F /* SenTestingKit.framework in Frameworks */,
				FA179B0314CF69B9002FB17F /* libSQLiteKit.a in Frameworks */,
				FAC1C036153E25C5007E374B /* libsqlite3.dylib in Frameworks */,
			);
			runOnlyForDeploymentPostprocessing = 0;
		};
		FA30A941148AD33900A269C8 /* Frameworks */ = {
			isa = PBXFrameworksBuildPhase;
			buildActionMask = 2147483647;
			files = (
				FA30A948148AD33900A269C8 /* Foundation.framework in Frameworks */,
			);
			runOnlyForDeploymentPostprocessing = 0;
		};
/* End PBXFrameworksBuildPhase section */

/* Begin PBXGroup section */
		FA179AE914CF5FAF002FB17F /* Tests */ = {
			isa = PBXGroup;
			children = (
				FA8A6B09151A98FF008AC3B9 /* SenTestCase+SQLiteKitAdditions.h */,
				FA8A6B0A151A98FF008AC3B9 /* SenTestCase+SQLiteKitAdditions.m */,
				FA179AFD14CF60C9002FB17F /* SQLDatabaseTests.h */,
				FA179AFE14CF60C9002FB17F /* SQLDatabaseTests.m */,
				FA179B1414D1F60C002FB17F /* SQLQueryTests.h */,
				FA179B1514D1F60C002FB17F /* SQLQueryTests.m */,
				FA93395414D705AA00151B4B /* SQLRowTests.h */,
				FA93395514D705AA00151B4B /* SQLRowTests.m */,
				FA256AE115192D91005B3176 /* SQLFileTests.h */,
				FA256AE215192D91005B3176 /* SQLFileTests.m */,
				FA3B3BA41537953B00A6E744 /* SQLFunctionTests.h */,
				FA3B3BA51537953B00A6E744 /* SQLFunctionTests.m */,
			);
			path = Tests;
			sourceTree = "<group>";
		};
		FA30A939148AD33900A269C8 = {
			isa = PBXGroup;
			children = (
				FAA1F9AA148AD4B00013D31B /* Sources */,
				FA30A954148AD37000A269C8 /* Resources */,
				FA179AE914CF5FAF002FB17F /* Tests */,
				FA30A946148AD33900A269C8 /* Frameworks */,
				FA30A945148AD33900A269C8 /* Products */,
			);
			sourceTree = "<group>";
		};
		FA30A945148AD33900A269C8 /* Products */ = {
			isa = PBXGroup;
			children = (
				FA30A944148AD33900A269C8 /* libSQLiteKit.a */,
				FA179AE314CF5FAF002FB17F /* SQKLiteTests.octest */,
			);
			name = Products;
			sourceTree = "<group>";
		};
		FA30A946148AD33900A269C8 /* Frameworks */ = {
			isa = PBXGroup;
			children = (
				FA30A947148AD33900A269C8 /* Foundation.framework */,
				FA179AE414CF5FAF002FB17F /* SenTestingKit.framework */,
				FA179ADC14CF4F56002FB17F /* libsqlite3.dylib */,
			);
			name = Frameworks;
			sourceTree = "<group>";
		};
		FA30A954148AD37000A269C8 /* Resources */ = {
			isa = PBXGroup;
			children = (
				FAA1F9AB148AD4F20013D31B /* SQLiteKit.pch */,
				FA179AF614CF6052002FB17F /* SQKLiteTests.pch */,
				FA179AF714CF6052002FB17F /* SQKLiteTests.plist */,
				FA16825F151A6E8600A22FC4 /* dump_short.sql */,
				FA168264151A810A00A22FC4 /* dump_short_bad_format.sql */,
				FA168266151A830300A22FC4 /* dump_short_comment.sql */,
				FA8A6B04151A94A4008AC3B9 /* dump_short_no_separator.sql */,
				FA168262151A80CF00A22FC4 /* dump_empty.sql */,
				FA168268151A876400A22FC4 /* dump_travel.sql */,
				FADDB3D6151BC03B00848B6B /* dump_travel_alter.sql */,
				FA8A6B07151A98B2008AC3B9 /* dump_movie.sql */,
				FAF99BC6153CA17D007C85F2 /* dump_movie_trigger.sql */,
			);
			path = Resources;
			sourceTree = "<group>";
		};
		FAA1F9AA148AD4B00013D31B /* Sources */ = {
			isa = PBXGroup;
			children = (
				FACBCB2614D8A27B00004567 /* SQLiteKit.h */,
				FA179AD714CF4199002FB17F /* SQLGlobal.h */,
				FA179AD814CF4199002FB17F /* SQLGlobal.m */,
				FAA1F9AD148AD5330013D31B /* SQLDatabase.h */,
				FAA1F9AE148AD5330013D31B /* SQLDatabase.m */,
				FA179B0C14D09AAD002FB17F /* SQLQuery.h */,
				FA179B0D14D09AAD002FB17F /* SQLQuery.m */,
				FA179B0814D07629002FB17F /* SQLPreparedStatement.h */,
				FA179B0914D07629002FB17F /* SQLPreparedStatement.m */,
				FA179B1014D0C156002FB17F /* SQLRow.h */,
				FA179B1114D0C156002FB17F /* SQLRow.m */,
				FA256ADC15191732005B3176 /* SQLFile.h */,
				FA256ADD15191732005B3176 /* SQLFile.m */,
				FA3B3B9F15378C6D00A6E744 /* SQLFunction.h */,
				FA3B3BA015378C6D00A6E744 /* SQLFunction.m */,
				FAC634521538D18300103667 /* SQLFunction+Private.h */,
			);
			name = Sources;
			path = SQLiteKit;
			sourceTree = "<group>";
		};
/* End PBXGroup section */

/* Begin PBXHeadersBuildPhase section */
		FA30A942148AD33900A269C8 /* Headers */ = {
			isa = PBXHeadersBuildPhase;
			buildActionMask = 2147483647;
			files = (
				FAA1F9AF148AD5330013D31B /* SQLDatabase.h in Headers */,
				FA179AD914CF4199002FB17F /* SQLGlobal.h in Headers */,
				FA179B0A14D07629002FB17F /* SQLPreparedStatement.h in Headers */,
				FA179B0E14D09AAD002FB17F /* SQLQuery.h in Headers */,
				FA179B1214D0C156002FB17F /* SQLRow.h in Headers */,
				FACBCB2714D8A27B00004567 /* SQLiteKit.h in Headers */,
				FA256ADE15191732005B3176 /* SQLFile.h in Headers */,
				FA3B3BA115378C6D00A6E744 /* SQLFunction.h in Headers */,
			);
			runOnlyForDeploymentPostprocessing = 0;
		};
/* End PBXHeadersBuildPhase section */

/* Begin PBXNativeTarget section */
		FA179AE214CF5FAF002FB17F /* SQKLiteTests */ = {
			isa = PBXNativeTarget;
			buildConfigurationList = FA179AF314CF5FAF002FB17F /* Build configuration list for PBXNativeTarget "SQKLiteTests" */;
			buildPhases = (
				FA179ADE14CF5FAF002FB17F /* Sources */,
				FA179ADF14CF5FAF002FB17F /* Frameworks */,
				FA179AE014CF5FAF002FB17F /* Resources */,
				FA179AE114CF5FAF002FB17F /* ShellScript */,
			);
			buildRules = (
			);
			dependencies = (
				FA179B0114CF6130002FB17F /* PBXTargetDependency */,
			);
			name = SQKLiteTests;
			productName = SQKLiteTests;
			productReference = FA179AE314CF5FAF002FB17F /* SQKLiteTests.octest */;
			productType = "com.apple.product-type.bundle";
		};
		FA30A943148AD33900A269C8 /* SQLiteKit */ = {
			isa = PBXNativeTarget;
			buildConfigurationList = FA30A951148AD33900A269C8 /* Build configuration list for PBXNativeTarget "SQLiteKit" */;
			buildPhases = (
				FA30A940148AD33900A269C8 /* Sources */,
				FA30A941148AD33900A269C8 /* Frameworks */,
				FA30A942148AD33900A269C8 /* Headers */,
			);
			buildRules = (
			);
			dependencies = (
			);
			name = SQLiteKit;
			productName = SQLiteKit;
			productReference = FA30A944148AD33900A269C8 /* libSQLiteKit.a */;
			productType = "com.apple.product-type.library.static";
		};
/* End PBXNativeTarget section */

/* Begin PBXProject section */
		FA30A93B148AD33900A269C8 /* Project object */ = {
			isa = PBXProject;
			attributes = {
				LastUpgradeCheck = 0430;
			};
			buildConfigurationList = FA30A93E148AD33900A269C8 /* Build configuration list for PBXProject "SQLiteKit" */;
			compatibilityVersion = "Xcode 3.2";
			developmentRegion = English;
			hasScannedForEncodings = 0;
			knownRegions = (
				en,
			);
			mainGroup = FA30A939148AD33900A269C8;
			productRefGroup = FA30A945148AD33900A269C8 /* Products */;
			projectDirPath = "";
			projectRoot = "";
			targets = (
				FA30A943148AD33900A269C8 /* SQLiteKit */,
				FA179AE214CF5FAF002FB17F /* SQKLiteTests */,
			);
		};
/* End PBXProject section */

/* Begin PBXResourcesBuildPhase section */
		FA179AE014CF5FAF002FB17F /* Resources */ = {
			isa = PBXResourcesBuildPhase;
			buildActionMask = 2147483647;
			files = (
				FA168260151A6E8600A22FC4 /* dump_short.sql in Resources */,
				FA168263151A80CF00A22FC4 /* dump_empty.sql in Resources */,
				FA168265151A810A00A22FC4 /* dump_short_bad_format.sql in Resources */,
				FA168267151A830300A22FC4 /* dump_short_comment.sql in Resources */,
				FA168269151A876400A22FC4 /* dump_travel.sql in Resources */,
				FA8A6B05151A94A4008AC3B9 /* dump_short_no_separator.sql in Resources */,
				FA8A6B08151A98B2008AC3B9 /* dump_movie.sql in Resources */,
				FADDB3D7151BC03B00848B6B /* dump_travel_alter.sql in Resources */,
				FAF99BC7153CA17D007C85F2 /* dump_movie_trigger.sql in Resources */,
			);
			runOnlyForDeploymentPostprocessing = 0;
		};
/* End PBXResourcesBuildPhase section */

/* Begin PBXShellScriptBuildPhase section */
		FA179AE114CF5FAF002FB17F /* ShellScript */ = {
			isa = PBXShellScriptBuildPhase;
			buildActionMask = 2147483647;
			files = (
			);
			inputPaths = (
			);
			outputPaths = (
			);
			runOnlyForDeploymentPostprocessing = 0;
			shellPath = /bin/sh;
			shellScript = "# Run the unit tests in this test bundle.\n\"${SYSTEM_DEVELOPER_DIR}/Tools/RunUnitTests\"\n";
		};
/* End PBXShellScriptBuildPhase section */

/* Begin PBXSourcesBuildPhase section */
		FA179ADE14CF5FAF002FB17F /* Sources */ = {
			isa = PBXSourcesBuildPhase;
			buildActionMask = 2147483647;
			files = (
				FA256AE315192D91005B3176 /* SQLFileTests.m in Sources */,
				FA168253151A545900A22FC4 /* SQLQueryTests.m in Sources */,
				FA168254151A545D00A22FC4 /* SQLRowTests.m in Sources */,
				FA8A6B0B151A98FF008AC3B9 /* SenTestCase+SQLiteKitAdditions.m in Sources */,
				FA3B3BA61537953B00A6E744 /* SQLFunctionTests.m in Sources */,
				FA96D962153CA9B800C6706A /* SQLDatabaseTests.m in Sources */,
			);
			runOnlyForDeploymentPostprocessing = 0;
		};
		FA30A940148AD33900A269C8 /* Sources */ = {
			isa = PBXSourcesBuildPhase;
			buildActionMask = 2147483647;
			files = (
				FAA1F9B0148AD5330013D31B /* SQLDatabase.m in Sources */,
				FA179ADA14CF4199002FB17F /* SQLGlobal.m in Sources */,
				FA179B0B14D07629002FB17F /* SQLPreparedStatement.m in Sources */,
				FA179B0F14D09AAD002FB17F /* SQLQuery.m in Sources */,
				FA179B1314D0C156002FB17F /* SQLRow.m in Sources */,
				FA256ADF15191732005B3176 /* SQLFile.m in Sources */,
				FA3B3BA215378C6D00A6E744 /* SQLFunction.m in Sources */,
			);
			runOnlyForDeploymentPostprocessing = 0;
		};
/* End PBXSourcesBuildPhase section */

/* Begin PBXTargetDependency section */
		FA179B0114CF6130002FB17F /* PBXTargetDependency */ = {
			isa = PBXTargetDependency;
			target = FA30A943148AD33900A269C8 /* SQLiteKit */;
			targetProxy = FA179B0014CF6130002FB17F /* PBXContainerItemProxy */;
		};
/* End PBXTargetDependency section */

/* Begin XCBuildConfiguration section */
		FA179AF414CF5FAF002FB17F /* Debug */ = {
			isa = XCBuildConfiguration;
			buildSettings = {
				FRAMEWORK_SEARCH_PATHS = (
					"$(SDKROOT)/Developer/Library/Frameworks",
					"$(DEVELOPER_LIBRARY_DIR)/Frameworks",
				);
				GCC_PRECOMPILE_PREFIX_HEADER = YES;
				GCC_PREFIX_HEADER = Resources/SQKLiteTests.pch;
				INFOPLIST_FILE = Resources/SQKLiteTests.plist;
				PRODUCT_NAME = "$(TARGET_NAME)";
				SDKROOT = iphoneos;
				WARNING_CFLAGS = "";
				WRAPPER_EXTENSION = octest;
			};
			name = Debug;
		};
		FA179AF514CF5FAF002FB17F /* Release */ = {
			isa = XCBuildConfiguration;
			buildSettings = {
				FRAMEWORK_SEARCH_PATHS = (
					"$(SDKROOT)/Developer/Library/Frameworks",
					"$(DEVELOPER_LIBRARY_DIR)/Frameworks",
				);
				GCC_PRECOMPILE_PREFIX_HEADER = YES;
				GCC_PREFIX_HEADER = Resources/SQKLiteTests.pch;
				INFOPLIST_FILE = Resources/SQKLiteTests.plist;
				PRODUCT_NAME = "$(TARGET_NAME)";
				SDKROOT = iphoneos;
				WARNING_CFLAGS = "";
				WRAPPER_EXTENSION = octest;
			};
			name = Release;
		};
		FA30A94F148AD33900A269C8 /* Debug */ = {
			isa = XCBuildConfiguration;
			buildSettings = {
				ALWAYS_SEARCH_USER_PATHS = NO;
				ARCHS = "$(ARCHS_STANDARD_32_BIT)";
				COPY_PHASE_STRIP = NO;
				GCC_C_LANGUAGE_STANDARD = gnu99;
				GCC_DYNAMIC_NO_PIC = NO;
				GCC_OPTIMIZATION_LEVEL = 0;
				GCC_PREPROCESSOR_DEFINITIONS = (
					"DEBUG=1",
					"$(inherited)",
				);
				GCC_SYMBOLS_PRIVATE_EXTERN = NO;
				GCC_VERSION = com.apple.compilers.llvm.clang.1_0;
				GCC_WARN_ABOUT_MISSING_PROTOTYPES = YES;
				GCC_WARN_ABOUT_RETURN_TYPE = YES;
				GCC_WARN_UNUSED_VARIABLE = YES;
				IPHONEOS_DEPLOYMENT_TARGET = 4.3;
				OTHER_CFLAGS = "";
				SDKROOT = iphoneos;
				VALID_ARCHS = armv7;
			};
			name = Debug;
		};
		FA30A950148AD33900A269C8 /* Release */ = {
			isa = XCBuildConfiguration;
			buildSettings = {
				ALWAYS_SEARCH_USER_PATHS = NO;
				ARCHS = "$(ARCHS_STANDARD_32_BIT)";
				COPY_PHASE_STRIP = YES;
				GCC_C_LANGUAGE_STANDARD = gnu99;
				GCC_VERSION = com.apple.compilers.llvm.clang.1_0;
				GCC_WARN_ABOUT_MISSING_PROTOTYPES = YES;
				GCC_WARN_ABOUT_RETURN_TYPE = YES;
				GCC_WARN_UNUSED_VARIABLE = YES;
				IPHONEOS_DEPLOYMENT_TARGET = 4.3;
				OTHER_CFLAGS = "";
				SDKROOT = iphoneos;
				VALIDATE_PRODUCT = YES;
				VALID_ARCHS = armv7;
			};
			name = Release;
		};
		FA30A952148AD33900A269C8 /* Debug */ = {
			isa = XCBuildConfiguration;
			buildSettings = {
				DSTROOT = /tmp/SQLiteKit.dst;
				GCC_PRECOMPILE_PREFIX_HEADER = YES;
				GCC_PREFIX_HEADER = Resources/SQLiteKit.pch;
				IPHONEOS_DEPLOYMENT_TARGET = 4.3;
				OTHER_CFLAGS = "";
				OTHER_LDFLAGS = "-ObjC";
				PRIVATE_HEADERS_FOLDER_PATH = "";
				PRODUCT_NAME = "$(TARGET_NAME)";
				PUBLIC_HEADERS_FOLDER_PATH = "";
				SDKROOT = iphoneos;
				SKIP_INSTALL = YES;
			};
			name = Debug;
		};
		FA30A953148AD33900A269C8 /* Release */ = {
			isa = XCBuildConfiguration;
			buildSettings = {
				DSTROOT = /tmp/SQLiteKit.dst;
				GCC_PRECOMPILE_PREFIX_HEADER = YES;
				GCC_PREFIX_HEADER = Resources/SQLiteKit.pch;
				IPHONEOS_DEPLOYMENT_TARGET = 4.3;
				OTHER_CFLAGS = "";
				OTHER_LDFLAGS = "-ObjC";
				PRIVATE_HEADERS_FOLDER_PATH = "";
				PRODUCT_NAME = "$(TARGET_NAME)";
				PUBLIC_HEADERS_FOLDER_PATH = "";
				SDKROOT = iphoneos;
				SKIP_INSTALL = YES;
			};
			name = Release;
		};
/* End XCBuildConfiguration section */

/* Begin XCConfigurationList section */
		FA179AF314CF5FAF002FB17F /* Build configuration list for PBXNativeTarget "SQKLiteTests" */ = {
			isa = XCConfigurationList;
			buildConfigurations = (
				FA179AF414CF5FAF002FB17F /* Debug */,
				FA179AF514CF5FAF002FB17F /* Release */,
			);
			defaultConfigurationIsVisible = 0;
			defaultConfigurationName = Release;
		};
		FA30A93E148AD33900A269C8 /* Build configuration list for PBXProject "SQLiteKit" */ = {
			isa = XCConfigurationList;
			buildConfigurations = (
				FA30A94F148AD33900A269C8 /* Debug */,
				FA30A950148AD33900A269C8 /* Release */,
			);
			defaultConfigurationIsVisible = 0;
			defaultConfigurationName = Release;
		};
		FA30A951148AD33900A269C8 /* Build configuration list for PBXNativeTarget "SQLiteKit" */ = {
			isa = XCConfigurationList;
			buildConfigurations = (
				FA30A952148AD33900A269C8 /* Debug */,
				FA30A953148AD33900A269C8 /* Release */,
			);
			defaultConfigurationIsVisible = 0;
			defaultConfigurationName = Release;
		};
/* End XCConfigurationList section */
	};
	rootObject = FA30A93B148AD33900A269C8 /* Project object */;
}
