// !$*UTF8*$!
{
	archiveVersion = 1;
	classes = {
	};
	objectVersion = 46;
	objects = {

/* Begin PBXBuildFile section */
		FA30A948148AD33900A269C8 /* Foundation.framework in Frameworks */ = {isa = PBXBuildFile; fileRef = FA30A947148AD33900A269C8 /* Foundation.framework */; };
		FAA1F9AC148AD4F20013D31B /* SQLiteKit.pch in Headers */ = {isa = PBXBuildFile; fileRef = FAA1F9AB148AD4F20013D31B /* SQLiteKit.pch */; };
		FAA1F9AF148AD5330013D31B /* SQLDatabase.h in Headers */ = {isa = PBXBuildFile; fileRef = FAA1F9AD148AD5330013D31B /* SQLDatabase.h */; };
		FAA1F9B0148AD5330013D31B /* SQLDatabase.m in Sources */ = {isa = PBXBuildFile; fileRef = FAA1F9AE148AD5330013D31B /* SQLDatabase.m */; };
/* End PBXBuildFile section */

/* Begin PBXFileReference section */
		FA30A944148AD33900A269C8 /* libSQLiteKit.a */ = {isa = PBXFileReference; explicitFileType = archive.ar; includeInIndex = 0; path = libSQLiteKit.a; sourceTree = BUILT_PRODUCTS_DIR; };
		FA30A947148AD33900A269C8 /* Foundation.framework */ = {isa = PBXFileReference; lastKnownFileType = wrapper.framework; name = Foundation.framework; path = System/Library/Frameworks/Foundation.framework; sourceTree = SDKROOT; };
		FAA1F9AB148AD4F20013D31B /* SQLiteKit.pch */ = {isa = PBXFileReference; fileEncoding = 4; lastKnownFileType = sourcecode.c.h; path = SQLiteKit.pch; sourceTree = "<group>"; };
		FAA1F9AD148AD5330013D31B /* SQLDatabase.h */ = {isa = PBXFileReference; fileEncoding = 4; lastKnownFileType = sourcecode.c.h; path = SQLDatabase.h; sourceTree = "<group>"; };
		FAA1F9AE148AD5330013D31B /* SQLDatabase.m */ = {isa = PBXFileReference; fileEncoding = 4; lastKnownFileType = sourcecode.c.objc; path = SQLDatabase.m; sourceTree = "<group>"; };
/* End PBXFileReference section */

/* Begin PBXFrameworksBuildPhase section */
		FA30A941148AD33900A269C8 /* Frameworks */ = {
			isa = PBXFrameworksBuildPhase;
			buildActionMask = 2147483647;
			files = (
				FA30A948148AD33900A269C8 /* Foundation.framework in Frameworks */,
			);
			runOnlyForDeploymentPostprocessing = 0;
		};
/* End PBXFrameworksBuildPhase section */

/* Begin PBXGroup section */
		FA30A939148AD33900A269C8 = {
			isa = PBXGroup;
			children = (
				FAA1F9AA148AD4B00013D31B /* Sources */,
				FA30A954148AD37000A269C8 /* Ressources */,
				FA30A946148AD33900A269C8 /* Frameworks */,
				FA30A945148AD33900A269C8 /* Products */,
			);
			sourceTree = "<group>";
		};
		FA30A945148AD33900A269C8 /* Products */ = {
			isa = PBXGroup;
			children = (
				FA30A944148AD33900A269C8 /* libSQLiteKit.a */,
			);
			name = Products;
			sourceTree = "<group>";
		};
		FA30A946148AD33900A269C8 /* Frameworks */ = {
			isa = PBXGroup;
			children = (
				FA30A947148AD33900A269C8 /* Foundation.framework */,
			);
			name = Frameworks;
			sourceTree = "<group>";
		};
		FA30A954148AD37000A269C8 /* Ressources */ = {
			isa = PBXGroup;
			children = (
				FAA1F9AB148AD4F20013D31B /* SQLiteKit.pch */,
			);
			path = Ressources;
			sourceTree = "<group>";
		};
		FAA1F9AA148AD4B00013D31B /* Sources */ = {
			isa = PBXGroup;
			children = (
				FAA1F9AD148AD5330013D31B /* SQLDatabase.h */,
				FAA1F9AE148AD5330013D31B /* SQLDatabase.m */,
			);
			path = Sources;
			sourceTree = "<group>";
		};
/* End PBXGroup section */

/* Begin PBXHeadersBuildPhase section */
		FA30A942148AD33900A269C8 /* Headers */ = {
			isa = PBXHeadersBuildPhase;
			buildActionMask = 2147483647;
			files = (
				FAA1F9AC148AD4F20013D31B /* SQLiteKit.pch in Headers */,
				FAA1F9AF148AD5330013D31B /* SQLDatabase.h in Headers */,
			);
			runOnlyForDeploymentPostprocessing = 0;
		};
/* End PBXHeadersBuildPhase section */

/* Begin PBXNativeTarget section */
		FA30A943148AD33900A269C8 /* SQLiteKit */ = {
			isa = PBXNativeTarget;
			buildConfigurationList = FA30A951148AD33900A269C8 /* Build configuration list for PBXNativeTarget "SQLiteKit" */;
			buildPhases = (
				FA30A940148AD33900A269C8 /* Sources */,
				FA30A941148AD33900A269C8 /* Frameworks */,
				FA30A942148AD33900A269C8 /* Headers */,
			);
			buildRules = (
			);
			dependencies = (
			);
			name = SQLiteKit;
			productName = SQLiteKit;
			productReference = FA30A944148AD33900A269C8 /* libSQLiteKit.a */;
			productType = "com.apple.product-type.library.static";
		};
/* End PBXNativeTarget section */

/* Begin PBXProject section */
		FA30A93B148AD33900A269C8 /* Project object */ = {
			isa = PBXProject;
			attributes = {
				LastUpgradeCheck = 0420;
			};
			buildConfigurationList = FA30A93E148AD33900A269C8 /* Build configuration list for PBXProject "SQLiteKit" */;
			compatibilityVersion = "Xcode 3.2";
			developmentRegion = English;
			hasScannedForEncodings = 0;
			knownRegions = (
				en,
			);
			mainGroup = FA30A939148AD33900A269C8;
			productRefGroup = FA30A945148AD33900A269C8 /* Products */;
			projectDirPath = "";
			projectRoot = "";
			targets = (
				FA30A943148AD33900A269C8 /* SQLiteKit */,
			);
		};
/* End PBXProject section */

/* Begin PBXSourcesBuildPhase section */
		FA30A940148AD33900A269C8 /* Sources */ = {
			isa = PBXSourcesBuildPhase;
			buildActionMask = 2147483647;
			files = (
				FAA1F9B0148AD5330013D31B /* SQLDatabase.m in Sources */,
			);
			runOnlyForDeploymentPostprocessing = 0;
		};
/* End PBXSourcesBuildPhase section */

/* Begin XCBuildConfiguration section */
		FA30A94F148AD33900A269C8 /* Debug */ = {
			isa = XCBuildConfiguration;
			buildSettings = {
				ALWAYS_SEARCH_USER_PATHS = NO;
				ARCHS = "$(ARCHS_STANDARD_32_BIT)";
				COPY_PHASE_STRIP = NO;
				GCC_C_LANGUAGE_STANDARD = gnu99;
				GCC_DYNAMIC_NO_PIC = NO;
				GCC_OPTIMIZATION_LEVEL = 0;
				GCC_PREPROCESSOR_DEFINITIONS = (
					"DEBUG=1",
					"$(inherited)",
				);
				GCC_SYMBOLS_PRIVATE_EXTERN = NO;
				GCC_VERSION = com.apple.compilers.llvm.clang.1_0;
				GCC_WARN_ABOUT_MISSING_PROTOTYPES = YES;
				GCC_WARN_ABOUT_RETURN_TYPE = YES;
				GCC_WARN_UNUSED_VARIABLE = YES;
				IPHONEOS_DEPLOYMENT_TARGET = 5.0;
				SDKROOT = iphoneos;
			};
			name = Debug;
		};
		FA30A950148AD33900A269C8 /* Release */ = {
			isa = XCBuildConfiguration;
			buildSettings = {
				ALWAYS_SEARCH_USER_PATHS = NO;
				ARCHS = "$(ARCHS_STANDARD_32_BIT)";
				COPY_PHASE_STRIP = YES;
				GCC_C_LANGUAGE_STANDARD = gnu99;
				GCC_VERSION = com.apple.compilers.llvm.clang.1_0;
				GCC_WARN_ABOUT_MISSING_PROTOTYPES = YES;
				GCC_WARN_ABOUT_RETURN_TYPE = YES;
				GCC_WARN_UNUSED_VARIABLE = YES;
				IPHONEOS_DEPLOYMENT_TARGET = 5.0;
				SDKROOT = iphoneos;
				VALIDATE_PRODUCT = YES;
			};
			name = Release;
		};
		FA30A952148AD33900A269C8 /* Debug */ = {
			isa = XCBuildConfiguration;
			buildSettings = {
				DSTROOT = /tmp/SQLiteKit.dst;
				GCC_PRECOMPILE_PREFIX_HEADER = YES;
				GCC_PREFIX_HEADER = Ressources/SQLiteKit.pch;
				IPHONEOS_DEPLOYMENT_TARGET = 4.0;
				OTHER_LDFLAGS = "-ObjC";
				PRODUCT_NAME = "$(TARGET_NAME)";
				SKIP_INSTALL = YES;
			};
			name = Debug;
		};
		FA30A953148AD33900A269C8 /* Release */ = {
			isa = XCBuildConfiguration;
			buildSettings = {
				DSTROOT = /tmp/SQLiteKit.dst;
				GCC_PRECOMPILE_PREFIX_HEADER = YES;
				GCC_PREFIX_HEADER = Ressources/SQLiteKit.pch;
				IPHONEOS_DEPLOYMENT_TARGET = 4.0;
				OTHER_LDFLAGS = "-ObjC";
				PRODUCT_NAME = "$(TARGET_NAME)";
				SKIP_INSTALL = YES;
			};
			name = Release;
		};
/* End XCBuildConfiguration section */

/* Begin XCConfigurationList section */
		FA30A93E148AD33900A269C8 /* Build configuration list for PBXProject "SQLiteKit" */ = {
			isa = XCConfigurationList;
			buildConfigurations = (
				FA30A94F148AD33900A269C8 /* Debug */,
				FA30A950148AD33900A269C8 /* Release */,
			);
			defaultConfigurationIsVisible = 0;
			defaultConfigurationName = Release;
		};
		FA30A951148AD33900A269C8 /* Build configuration list for PBXNativeTarget "SQLiteKit" */ = {
			isa = XCConfigurationList;
			buildConfigurations = (
				FA30A952148AD33900A269C8 /* Debug */,
				FA30A953148AD33900A269C8 /* Release */,
			);
			defaultConfigurationIsVisible = 0;
			defaultConfigurationName = Release;
		};
/* End XCConfigurationList section */
	};
	rootObject = FA30A93B148AD33900A269C8 /* Project object */;
}
